
Microsoft Visual Studio Solution File, Format Version 12.00
# Visual Studio Version 17
VisualStudioVersion = 17.4.33122.133
MinimumVisualStudioVersion = 10.0.40219.1
Project("{FAE04EC0-301F-11D3-BF4B-00C04F79EFBC}") = "ATSWebAPI", "ATSWebAPI\ATSWebAPI.csproj", "{546B04BD-6C5C-425C-BCBA-DBC9FC3467A0}"
EndProject
Global
	GlobalSection(SolutionConfigurationPlatforms) = preSolution
		Debug|Any CPU = Debug|Any CPU
		Release|Any CPU = Release|Any CPU
	EndGlobalSection
	GlobalSection(ProjectConfigurationPlatforms) = postSolution
		{546B04BD-6C5C-425C-BCBA-DBC9FC3467A0}.Debug|Any CPU.ActiveCfg = Debug|Any CPU
		{546B04BD-6C5C-425C-BCBA-DBC9FC3467A0}.Debug|Any CPU.Build.0 = Debug|Any CPU
		{546B04BD-6C5C-425C-BCBA-DBC9FC3467A0}.Release|Any CPU.ActiveCfg = Release|Any CPU
		{546B04BD-6C5C-425C-BCBA-DBC9FC3467A0}.Release|Any CPU.Build.0 = Release|Any CPU
	EndGlobalSection
	GlobalSection(SolutionProperties) = preSolution
		HideSolutionNode = FALSE
	EndGlobalSection
	GlobalSection(ExtensibilityGlobals) = postSolution
		SolutionGuid = {7D731B95-9479-4103-AA0B-1D025143DDC1}
	EndGlobalSection
EndGlobal
